PODS:
  - better_sound_effect (0.0.1):
    - Flutter
  - Flutter (1.0.0)

DEPENDENCIES:
  - better_sound_effect (from `.symlinks/plugins/better_sound_effect/ios`)
  - Flutter (from `Flutter`)

EXTERNAL SOURCES:
  better_sound_effect:
    :path: ".symlinks/plugins/better_sound_effect/ios"
  Flutter:
    :path: Flutter

SPEC CHECKSUMS:
  better_sound_effect: fad6b9180432c4ecc9054820985e2a7041f01f3a
  Flutter: 434fef37c0980e73bb6479ef766c45957d4b510c

PODFILE CHECKSUM: 8e679eca47255a8ca8067c4c67aab20e64cb974d

COCOAPODS: 1.10.1
